Microsoft Visual Studio Solution File, Format Version 11.00
# Visual Studio 2008

Project("{B0921CD2-19E8-386B-5BA8-96F2954C7BFC}") = "494Proj1", "Assembly-CSharp.csproj", "{07D7A1DA-9B4F-A44B-460D-3D0DAB33B489}"
EndProject
Global
	GlobalSection(SolutionConfigurationPlatforms) = preSolution
		Debug|Any CPU = Debug|Any CPU
		Release|Any CPU = Release|Any CPU
	EndGlobalSection
	GlobalSection(ProjectConfigurationPlatforms) = postSolution
		{07D7A1DA-9B4F-A44B-460D-3D0DAB33B489}.Debug|Any CPU.ActiveCfg = Debug|Any CPU
		{07D7A1DA-9B4F-A44B-460D-3D0DAB33B489}.Debug|Any CPU.Build.0 = Debug|Any CPU
		{07D7A1DA-9B4F-A44B-460D-3D0DAB33B489}.Release|Any CPU.ActiveCfg = Release|Any CPU
		{07D7A1DA-9B4F-A44B-460D-3D0DAB33B489}.Release|Any CPU.Build.0 = Release|Any CPU
	EndGlobalSection
	GlobalSection(SolutionProperties) = preSolution
		HideSolutionNode = FALSE
	EndGlobalSection
	GlobalSection(MonoDevelopProperties) = preSolution
		StartupItem = Assembly-CSharp.csproj
	EndGlobalSection
EndGlobal
